
Microsoft Visual Studio Solution File, Format Version 12.00
# Visual Studio Version 17
VisualStudioVersion = 17.1.32421.90
MinimumVisualStudioVersion = 10.0.40219.1
Project("{FAE04EC0-301F-11D3-BF4B-00C04F79EFBC}") = "kutluapi", "kutluapi\kutluapi.csproj", "{E13BE37E-F7B6-4569-A162-4B1738EBD39D}"
EndProject
Global
	GlobalSection(SolutionConfigurationPlatforms) = preSolution
		Debug|Any CPU = Debug|Any CPU
		Release|Any CPU = Release|Any CPU
	EndGlobalSection
	GlobalSection(ProjectConfigurationPlatforms) = postSolution
		{E13BE37E-F7B6-4569-A162-4B1738EBD39D}.Debug|Any CPU.ActiveCfg = Debug|Any CPU
		{E13BE37E-F7B6-4569-A162-4B1738EBD39D}.Debug|Any CPU.Build.0 = Debug|Any CPU
		{E13BE37E-F7B6-4569-A162-4B1738EBD39D}.Release|Any CPU.ActiveCfg = Release|Any CPU
		{E13BE37E-F7B6-4569-A162-4B1738EBD39D}.Release|Any CPU.Build.0 = Release|Any CPU
	EndGlobalSection
	GlobalSection(SolutionProperties) = preSolution
		HideSolutionNode = FALSE
	EndGlobalSection
	GlobalSection(ExtensibilityGlobals) = postSolution
		SolutionGuid = {E5EF0291-1A15-4B46-8587-0DC2A8C3C11A}
	EndGlobalSection
	GlobalSection(TeamFoundationVersionControl) = preSolution
		SccNumberOfProjects = 2
		SccEnterpriseProvider = {4CA58AB2-18FA-4F8D-95D4-32DDF27D184C}
		SccTeamFoundationServer = https://dev.azure.com/kutluserkan1
		SccLocalPath0 = .
		SccProjectUniqueName1 = kutluapi\\kutluapi.csproj
		SccProjectName1 = kutluapi
		SccLocalPath1 = kutluapi
	EndGlobalSection
EndGlobal
