
Microsoft Visual Studio Solution File, Format Version 12.00
# Visual Studio Version 17
VisualStudioVersion = 17.2.32616.157
MinimumVisualStudioVersion = 10.0.40219.1
Project("{9A19103F-16F7-4668-BE54-9A1E7A4F7556}") = "Identity.Server", "..\authenticationRepo\Identity.Server\Identity.Server\Identity.Server.csproj", "{2DD10CD0-3A2F-41B5-9C2A-8646957A01EB}"
EndProject
Project("{9A19103F-16F7-4668-BE54-9A1E7A4F7556}") = "SomeAPI", "..\authenticationRepo\SomeAPI\SomeAPI.csproj", "{6EFCE069-C0B0-4234-9720-54D3ABE2B840}"
EndProject
Global
	GlobalSection(SolutionConfigurationPlatforms) = preSolution
		Debug|Any CPU = Debug|Any CPU
		Release|Any CPU = Release|Any CPU
	EndGlobalSection
	GlobalSection(ProjectConfigurationPlatforms) = postSolution
		{2DD10CD0-3A2F-41B5-9C2A-8646957A01EB}.Debug|Any CPU.ActiveCfg = Debug|Any CPU
		{2DD10CD0-3A2F-41B5-9C2A-8646957A01EB}.Debug|Any CPU.Build.0 = Debug|Any CPU
		{2DD10CD0-3A2F-41B5-9C2A-8646957A01EB}.Release|Any CPU.ActiveCfg = Release|Any CPU
		{2DD10CD0-3A2F-41B5-9C2A-8646957A01EB}.Release|Any CPU.Build.0 = Release|Any CPU
		{6EFCE069-C0B0-4234-9720-54D3ABE2B840}.Debug|Any CPU.ActiveCfg = Debug|Any CPU
		{6EFCE069-C0B0-4234-9720-54D3ABE2B840}.Debug|Any CPU.Build.0 = Debug|Any CPU
		{6EFCE069-C0B0-4234-9720-54D3ABE2B840}.Release|Any CPU.ActiveCfg = Release|Any CPU
		{6EFCE069-C0B0-4234-9720-54D3ABE2B840}.Release|Any CPU.Build.0 = Release|Any CPU
	EndGlobalSection
	GlobalSection(SolutionProperties) = preSolution
		HideSolutionNode = FALSE
	EndGlobalSection
	GlobalSection(ExtensibilityGlobals) = postSolution
		SolutionGuid = {3DD02464-0B47-48EB-81B4-5B78C64B55F1}
	EndGlobalSection
EndGlobal
