
Microsoft Visual Studio Solution File, Format Version 12.00
# Visual Studio Version 17
VisualStudioVersion = 17.1.32421.90
MinimumVisualStudioVersion = 10.0.40219.1
Project("{9A19103F-16F7-4668-BE54-9A1E7A4F7556}") = "serkanapi", "serkanapi\serkanapi.csproj", "{D39CAE64-3FCB-4D0B-B801-5AF40933805F}"
EndProject
Global
	GlobalSection(SolutionConfigurationPlatforms) = preSolution
		Debug|Any CPU = Debug|Any CPU
		Release|Any CPU = Release|Any CPU
	EndGlobalSection
	GlobalSection(ProjectConfigurationPlatforms) = postSolution
		{D39CAE64-3FCB-4D0B-B801-5AF40933805F}.Debug|Any CPU.ActiveCfg = Debug|Any CPU
		{D39CAE64-3FCB-4D0B-B801-5AF40933805F}.Debug|Any CPU.Build.0 = Debug|Any CPU
		{D39CAE64-3FCB-4D0B-B801-5AF40933805F}.Release|Any CPU.ActiveCfg = Release|Any CPU
		{D39CAE64-3FCB-4D0B-B801-5AF40933805F}.Release|Any CPU.Build.0 = Release|Any CPU
	EndGlobalSection
	GlobalSection(SolutionProperties) = preSolution
		HideSolutionNode = FALSE
	EndGlobalSection
	GlobalSection(ExtensibilityGlobals) = postSolution
		SolutionGuid = {48C85FD6-BA0E-41BE-87DE-EAF8D0FB962C}
	EndGlobalSection
	GlobalSection(TeamFoundationVersionControl) = preSolution
		SccNumberOfProjects = 2
		SccEnterpriseProvider = {4CA58AB2-18FA-4F8D-95D4-32DDF27D184C}
		SccTeamFoundationServer = https://dev.azure.com/kutluserkan1
		SccLocalPath0 = .
		SccProjectUniqueName1 = serkanapi\\serkanapi.csproj
		SccProjectName1 = serkanapi
		SccLocalPath1 = serkanapi
	EndGlobalSection
EndGlobal
